Microsoft Visual Studio Solution File, Format Version 12.00
# Visual Studio Version 17
VisualStudioVersion = 17.5.2.0
MinimumVisualStudioVersion = 10.0.40219.1
Project("{FAE04EC0-301F-11D3-BF4B-00C04F79EFBC}") = "Second_hand_EV_Battery_Trading_Platform", "Second_hand_EV_Battery_Trading_Platform.csproj", "{B8A0C47C-CA6E-8342-D187-685F19D1A533}"
EndProject
Global
	GlobalSection(SolutionConfigurationPlatforms) = preSolution
		Debug|Any CPU = Debug|Any CPU
		Release|Any CPU = Release|Any CPU
	EndGlobalSection
	GlobalSection(ProjectConfigurationPlatforms) = postSolution
		{B8A0C47C-CA6E-8342-D187-685F19D1A533}.Debug|Any CPU.ActiveCfg = Debug|Any CPU
		{B8A0C47C-CA6E-8342-D187-685F19D1A533}.Debug|Any CPU.Build.0 = Debug|Any CPU
		{B8A0C47C-CA6E-8342-D187-685F19D1A533}.Release|Any CPU.ActiveCfg = Release|Any CPU
		{B8A0C47C-CA6E-8342-D187-685F19D1A533}.Release|Any CPU.Build.0 = Release|Any CPU
	EndGlobalSection
	GlobalSection(SolutionProperties) = preSolution
		HideSolutionNode = FALSE
	EndGlobalSection
	GlobalSection(ExtensibilityGlobals) = postSolution
		SolutionGuid = {017B37B9-D83E-4AB3-A1A7-A0138489D8C1}
	EndGlobalSection
EndGlobal
